// !$*UTF8*$!
{
	archiveVersion = 1;
	classes = {
	};
	objectVersion = 56;
	objects = {

/* Begin PBXBuildFile section */
		4C07EADB29A89EB500520259 /* AppDelegate.swift in Sources */ = {isa = PBXBuildFile; fileRef = 4C07EADA29A89EB500520259 /* AppDelegate.swift */; };
		4C07EADD29A89EB500520259 /* SceneDelegate.swift in Sources */ = {isa = PBXBuildFile; fileRef = 4C07EADC29A89EB500520259 /* SceneDelegate.swift */; };
		4C07EADF29A89EB500520259 /* ViewController.swift in Sources */ = {isa = PBXBuildFile; fileRef = 4C07EADE29A89EB500520259 /* ViewController.swift */; };
		4C07EAE229A89EB500520259 /* Main.storyboard in Resources */ = {isa = PBXBuildFile; fileRef = 4C07EAE029A89EB500520259 /* Main.storyboard */; };
		4C07EAE429A89EBD00520259 /* Assets.xcassets in Resources */ = {isa = PBXBuildFile; fileRef = 4C07EAE329A89EBD00520259 /* Assets.xcassets */; };
		4C07EAE729A89EBD00520259 /* LaunchScreen.storyboard in Resources */ = {isa = PBXBuildFile; fileRef = 4C07EAE529A89EBD00520259 /* LaunchScreen.storyboard */; };
		4C07EAEF29A89F2F00520259 /* SaiVC.swift in Sources */ = {isa = PBXBuildFile; fileRef = 4C07EAEE29A89F2F00520259 /* SaiVC.swift */; };
		4C1F83D929A8C75D00021FE6 /* ThirdVC.swift in Sources */ = {isa = PBXBuildFile; fileRef = 4C1F83D829A8C75D00021FE6 /* ThirdVC.swift */; };
		4C1F83DB29A8C78600021FE6 /* FourthVC.swift in Sources */ = {isa = PBXBuildFile; fileRef = 4C1F83DA29A8C78600021FE6 /* FourthVC.swift */; };
/* End PBXBuildFile section */

/* Begin PBXFileReference section */
		4C07EAD729A89EB500520259 /* PushNavingation.app */ = {isa = PBXFileReference; explicitFileType = wrapper.application; includeInIndex = 0; path = PushNavingation.app; sourceTree = BUILT_PRODUCTS_DIR; };
		4C07EADA29A89EB500520259 /* AppDelegate.swift */ = {isa = PBXFileReference; lastKnownFileType = sourcecode.swift; path = AppDelegate.swift; sourceTree = "<group>"; };
		4C07EADC29A89EB500520259 /* SceneDelegate.swift */ = {isa = PBXFileReference; lastKnownFileType = sourcecode.swift; path = SceneDelegate.swift; sourceTree = "<group>"; };
		4C07EADE29A89EB500520259 /* ViewController.swift */ = {isa = PBXFileReference; lastKnownFileType = sourcecode.swift; path = ViewController.swift; sourceTree = "<group>"; };
		4C07EAE129A89EB500520259 /* Base */ = {isa = PBXFileReference; lastKnownFileType = file.storyboard; name = Base; path = Base.lproj/Main.storyboard; sourceTree = "<group>"; };
		4C07EAE329A89EBD00520259 /* Assets.xcassets */ = {isa = PBXFileReference; lastKnownFileType = folder.assetcatalog; path = Assets.xcassets; sourceTree = "<group>"; };
		4C07EAE629A89EBD00520259 /* Base */ = {isa = PBXFileReference; lastKnownFileType = file.storyboard; name = Base; path = Base.lproj/LaunchScreen.storyboard; sourceTree = "<group>"; };
		4C07EAE829A89EBD00520259 /* Info.plist */ = {isa = PBXFileReference; lastKnownFileType = text.plist.xml; path = Info.plist; sourceTree = "<group>"; };
		4C07EAEE29A89F2F00520259 /* SaiVC.swift */ = {isa = PBXFileReference; lastKnownFileType = sourcecode.swift; path = SaiVC.swift; sourceTree = "<group>"; };
		4C1F83D829A8C75D00021FE6 /* ThirdVC.swift */ = {isa = PBXFileReference; lastKnownFileType = sourcecode.swift; path = ThirdVC.swift; sourceTree = "<group>"; };
		4C1F83DA29A8C78600021FE6 /* FourthVC.swift */ = {isa = PBXFileReference; lastKnownFileType = sourcecode.swift; path = FourthVC.swift; sourceTree = "<group>"; };
/* End PBXFileReference section */

/* Begin PBXFrameworksBuildPhase section */
		4C07EAD429A89EB500520259 /* Frameworks */ = {
			isa = PBXFrameworksBuildPhase;
			buildActionMask = 2147483647;
			files = (
			);
			runOnlyForDeploymentPostprocessing = 0;
		};
/* End PBXFrameworksBuildPhase section */

/* Begin PBXGroup section */
		4C07EACE29A89EB500520259 = {
			isa = PBXGroup;
			children = (
				4C07EAD929A89EB500520259 /* PushNavingation */,
				4C07EAD829A89EB500520259 /* Products */,
			);
			sourceTree = "<group>";
		};
		4C07EAD829A89EB500520259 /* Products */ = {
			isa = PBXGroup;
			children = (
				4C07EAD729A89EB500520259 /* PushNavingation.app */,
			);
			name = Products;
			sourceTree = "<group>";
		};
		4C07EAD929A89EB500520259 /* PushNavingation */ = {
			isa = PBXGroup;
			children = (
				4C07EADA29A89EB500520259 /* AppDelegate.swift */,
				4C07EADC29A89EB500520259 /* SceneDelegate.swift */,
				4C07EAE029A89EB500520259 /* Main.storyboard */,
				4C07EADE29A89EB500520259 /* ViewController.swift */,
				4C1F83D829A8C75D00021FE6 /* ThirdVC.swift */,
				4C1F83DA29A8C78600021FE6 /* FourthVC.swift */,
				4C07EAEE29A89F2F00520259 /* SaiVC.swift */,
				4C07EAE329A89EBD00520259 /* Assets.xcassets */,
				4C07EAE529A89EBD00520259 /* LaunchScreen.storyboard */,
				4C07EAE829A89EBD00520259 /* Info.plist */,
			);
			path = PushNavingation;
			sourceTree = "<group>";
		};
/* End PBXGroup section */

/* Begin PBXNativeTarget section */
		4C07EAD629A89EB500520259 /* PushNavingation */ = {
			isa = PBXNativeTarget;
			buildConfigurationList = 4C07EAEB29A89EBD00520259 /* Build configuration list for PBXNativeTarget "PushNavingation" */;
			buildPhases = (
				4C07EAD329A89EB500520259 /* Sources */,
				4C07EAD429A89EB500520259 /* Frameworks */,
				4C07EAD529A89EB500520259 /* Resources */,
			);
			buildRules = (
			);
			dependencies = (
			);
			name = PushNavingation;
			productName = PushNavingation;
			productReference = 4C07EAD729A89EB500520259 /* PushNavingation.app */;
			productType = "com.apple.product-type.application";
		};
/* End PBXNativeTarget section */

/* Begin PBXProject section */
		4C07EACF29A89EB500520259 /* Project object */ = {
			isa = PBXProject;
			attributes = {
				BuildIndependentTargetsInParallel = 1;
				LastSwiftUpdateCheck = 1400;
				LastUpgradeCheck = 1400;
				TargetAttributes = {
					4C07EAD629A89EB500520259 = {
						CreatedOnToolsVersion = 14.0.1;
					};
				};
			};
			buildConfigurationList = 4C07EAD229A89EB500520259 /* Build configuration list for PBXProject "PushNavingation" */;
			compatibilityVersion = "Xcode 14.0";
			developmentRegion = en;
			hasScannedForEncodings = 0;
			knownRegions = (
				en,
				Base,
			);
			mainGroup = 4C07EACE29A89EB500520259;
			productRefGroup = 4C07EAD829A89EB500520259 /* Products */;
			projectDirPath = "";
			projectRoot = "";
			targets = (
				4C07EAD629A89EB500520259 /* PushNavingation */,
			);
		};
/* End PBXProject section */

/* Begin PBXResourcesBuildPhase section */
		4C07EAD529A89EB500520259 /* Resources */ = {
			isa = PBXResourcesBuildPhase;
			buildActionMask = 2147483647;
			files = (
				4C07EAE729A89EBD00520259 /* LaunchScreen.storyboard in Resources */,
				4C07EAE429A89EBD00520259 /* Assets.xcassets in Resources */,
				4C07EAE229A89EB500520259 /* Main.storyboard in Resources */,
			);
			runOnlyForDeploymentPostprocessing = 0;
		};
/* End PBXResourcesBuildPhase section */

/* Begin PBXSourcesBuildPhase section */
		4C07EAD329A89EB500520259 /* Sources */ = {
			isa = PBXSourcesBuildPhase;
			buildActionMask = 2147483647;
			files = (
				4C1F83DB29A8C78600021FE6 /* FourthVC.swift in Sources */,
				4C1F83D929A8C75D00021FE6 /* ThirdVC.swift in Sources */,
				4C07EAEF29A89F2F00520259 /* SaiVC.swift in Sources */,
				4C07EADF29A89EB500520259 /* ViewController.swift in Sources */,
				4C07EADB29A89EB500520259 /* AppDelegate.swift in Sources */,
				4C07EADD29A89EB500520259 /* SceneDelegate.swift in Sources */,
			);
			runOnlyForDeploymentPostprocessing = 0;
		};
/* End PBXSourcesBuildPhase section */

/* Begin PBXVariantGroup section */
		4C07EAE029A89EB500520259 /* Main.storyboard */ = {
			isa = PBXVariantGroup;
			children = (
				4C07EAE129A89EB500520259 /* Base */,
			);
			name = Main.storyboard;
			sourceTree = "<group>";
		};
		4C07EAE529A89EBD00520259 /* LaunchScreen.storyboard */ = {
			isa = PBXVariantGroup;
			children = (
				4C07EAE629A89EBD00520259 /* Base */,
			);
			name = LaunchScreen.storyboard;
			sourceTree = "<group>";
		};
/* End PBXVariantGroup section */

/* Begin XCBuildConfiguration section */
		4C07EAE929A89EBD00520259 /* Debug */ = {
			isa = XCBuildConfiguration;
			buildSettings = {
				ALWAYS_SEARCH_USER_PATHS = NO;
				CLANG_ANALYZER_NONNULL = YES;
				CLANG_ANALYZER_NUMBER_OBJECT_CONVERSION = YES_AGGRESSIVE;
				CLANG_CXX_LANGUAGE_STANDARD = "gnu++20";
				CLANG_ENABLE_MODULES = YES;
				CLANG_ENABLE_OBJC_ARC = YES;
				CLANG_ENABLE_OBJC_WEAK = YES;
				CLANG_WARN_BLOCK_CAPTURE_AUTORELEASING = YES;
				CLANG_WARN_BOOL_CONVERSION = YES;
				CLANG_WARN_COMMA = YES;
				CLANG_WARN_CONSTANT_CONVERSION = YES;
				CLANG_WARN_DEPRECATED_OBJC_IMPLEMENTATIONS = YES;
				CLANG_WARN_DIRECT_OBJC_ISA_USAGE = YES_ERROR;
				CLANG_WARN_DOCUMENTATION_COMMENTS = YES;
				CLANG_WARN_EMPTY_BODY = YES;
				CLANG_WARN_ENUM_CONVERSION = YES;
				CLANG_WARN_INFINITE_RECURSION = YES;
				CLANG_WARN_INT_CONVERSION = YES;
				CLANG_WARN_NON_LITERAL_NULL_CONVERSION = YES;
				CLANG_WARN_OBJC_IMPLICIT_RETAIN_SELF = YES;
				CLANG_WARN_OBJC_LITERAL_CONVERSION = YES;
				CLANG_WARN_OBJC_ROOT_CLASS = YES_ERROR;
				CLANG_WARN_QUOTED_INCLUDE_IN_FRAMEWORK_HEADER = YES;
				CLANG_WARN_RANGE_LOOP_ANALYSIS = YES;
				CLANG_WARN_STRICT_PROTOTYPES = YES;
				CLANG_WARN_SUSPICIOUS_MOVE = YES;
				CLANG_WARN_UNGUARDED_AVAILABILITY = YES_AGGRESSIVE;
				CLANG_WARN_UNREACHABLE_CODE = YES;
				CLANG_WARN__DUPLICATE_METHOD_MATCH = YES;
				COPY_PHASE_STRIP = NO;
				DEBUG_INFORMATION_FORMAT = dwarf;
				ENABLE_STRICT_OBJC_MSGSEND = YES;
				ENABLE_TESTABILITY = YES;
				GCC_C_LANGUAGE_STANDARD = gnu11;
				GCC_DYNAMIC_NO_PIC = NO;
				GCC_NO_COMMON_BLOCKS = YES;
				GCC_OPTIMIZATION_LEVEL = 0;
				GCC_PREPROCESSOR_DEFINITIONS = (
					"DEBUG=1",
					"$(inherited)",
				);
				GCC_WARN_64_TO_32_BIT_CONVERSION = YES;
				GCC_WARN_ABOUT_RETURN_TYPE = YES_ERROR;
				GCC_WARN_UNDECLARED_SELECTOR = YES;
				GCC_WARN_UNINITIALIZED_AUTOS = YES_AGGRESSIVE;
				GCC_WARN_UNUSED_FUNCTION = YES;
				GCC_WARN_UNUSED_VARIABLE = YES;
				IPHONEOS_DEPLOYMENT_TARGET = 16.0;
				MTL_ENABLE_DEBUG_INFO = INCLUDE_SOURCE;
				MTL_FAST_MATH = YES;
				ONLY_ACTIVE_ARCH = YES;
				SDKROOT = iphoneos;
				SWIFT_ACTIVE_COMPILATION_CONDITIONS = DEBUG;
				SWIFT_OPTIMIZATION_LEVEL = "-Onone";
			};
			name = Debug;
		};
		4C07EAEA29A89EBD00520259 /* Release */ = {
			isa = XCBuildConfiguration;
			buildSettings = {
				ALWAYS_SEARCH_USER_PATHS = NO;
				CLANG_ANALYZER_NONNULL = YES;
				CLANG_ANALYZER_NUMBER_OBJECT_CONVERSION = YES_AGGRESSIVE;
				CLANG_CXX_LANGUAGE_STANDARD = "gnu++20";
				CLANG_ENABLE_MODULES = YES;
				CLANG_ENABLE_OBJC_ARC = YES;
				CLANG_ENABLE_OBJC_WEAK = YES;
				CLANG_WARN_BLOCK_CAPTURE_AUTORELEASING = YES;
				CLANG_WARN_BOOL_CONVERSION = YES;
				CLANG_WARN_COMMA = YES;
				CLANG_WARN_CONSTANT_CONVERSION = YES;
				CLANG_WARN_DEPRECATED_OBJC_IMPLEMENTATIONS = YES;
				CLANG_WARN_DIRECT_OBJC_ISA_USAGE = YES_ERROR;
				CLANG_WARN_DOCUMENTATION_COMMENTS = YES;
				CLANG_WARN_EMPTY_BODY = YES;
				CLANG_WARN_ENUM_CONVERSION = YES;
				CLANG_WARN_INFINITE_RECURSION = YES;
				CLANG_WARN_INT_CONVERSION = YES;
				CLANG_WARN_NON_LITERAL_NULL_CONVERSION = YES;
				CLANG_WARN_OBJC_IMPLICIT_RETAIN_SELF = YES;
				CLANG_WARN_OBJC_LITERAL_CONVERSION = YES;
				CLANG_WARN_OBJC_ROOT_CLASS = YES_ERROR;
				CLANG_WARN_QUOTED_INCLUDE_IN_FRAMEWORK_HEADER = YES;
				CLANG_WARN_RANGE_LOOP_ANALYSIS = YES;
				CLANG_WARN_STRICT_PROTOTYPES = YES;
				CLANG_WARN_SUSPICIOUS_MOVE = YES;
				CLANG_WARN_UNGUARDED_AVAILABILITY = YES_AGGRESSIVE;
				CLANG_WARN_UNREACHABLE_CODE = YES;
				CLANG_WARN__DUPLICATE_METHOD_MATCH = YES;
				COPY_PHASE_STRIP = NO;
				DEBUG_INFORMATION_FORMAT = "dwarf-with-dsym";
				ENABLE_NS_ASSERTIONS = NO;
				ENABLE_STRICT_OBJC_MSGSEND = YES;
				GCC_C_LANGUAGE_STANDARD = gnu11;
				GCC_NO_COMMON_BLOCKS = YES;
				GCC_WARN_64_TO_32_BIT_CONVERSION = YES;
				GCC_WARN_ABOUT_RETURN_TYPE = YES_ERROR;
				GCC_WARN_UNDECLARED_SELECTOR = YES;
				GCC_WARN_UNINITIALIZED_AUTOS = YES_AGGRESSIVE;
				GCC_WARN_UNUSED_FUNCTION = YES;
				GCC_WARN_UNUSED_VARIABLE = YES;
				IPHONEOS_DEPLOYMENT_TARGET = 16.0;
				MTL_ENABLE_DEBUG_INFO = NO;
				MTL_FAST_MATH = YES;
				SDKROOT = iphoneos;
				SWIFT_COMPILATION_MODE = wholemodule;
				SWIFT_OPTIMIZATION_LEVEL = "-O";
				VALIDATE_PRODUCT = YES;
			};
			name = Release;
		};
		4C07EAEC29A89EBD00520259 /* Debug */ = {
			isa = XCBuildConfiguration;
			buildSettings = {
				ASSETCATALOG_COMPILER_APPICON_NAME = AppIcon;
				ASSETCATALOG_COMPILER_GLOBAL_ACCENT_COLOR_NAME = AccentColor;
				CODE_SIGN_STYLE = Automatic;
				CURRENT_PROJECT_VERSION = 1;
				GENERATE_INFOPLIST_FILE = YES;
				INFOPLIST_FILE = PushNavingation/Info.plist;
				INFOPLIST_KEY_UIApplicationSupportsIndirectInputEvents = YES;
				INFOPLIST_KEY_UILaunchStoryboardName = LaunchScreen;
				INFOPLIST_KEY_UIMainStoryboardFile = Main;
				INFOPLIST_KEY_UISupportedInterfaceOrientations_iPad = "UIInterfaceOrientationPortrait UIInterfaceOrientationPortraitUpsideDown UIInterfaceOrientationLandscapeLeft UIInterfaceOrientationLandscapeRight";
				INFOPLIST_KEY_UISupportedInterfaceOrientations_iPhone = "UIInterfaceOrientationPortrait UIInterfaceOrientationLandscapeLeft UIInterfaceOrientationLandscapeRight";
				LD_RUNPATH_SEARCH_PATHS = (
					"$(inherited)",
					"@executable_path/Frameworks",
				);
				MARKETING_VERSION = 1.0;
				PRODUCT_BUNDLE_IDENTIFIER = com.rblsystems.PushNavingation;
				PRODUCT_NAME = "$(TARGET_NAME)";
				SWIFT_EMIT_LOC_STRINGS = YES;
				SWIFT_VERSION = 5.0;
				TARGETED_DEVICE_FAMILY = "1,2";
			};
			name = Debug;
		};
		4C07EAED29A89EBD00520259 /* Release */ = {
			isa = XCBuildConfiguration;
			buildSettings = {
				ASSETCATALOG_COMPILER_APPICON_NAME = AppIcon;
				ASSETCATALOG_COMPILER_GLOBAL_ACCENT_COLOR_NAME = AccentColor;
				CODE_SIGN_STYLE = Automatic;
				CURRENT_PROJECT_VERSION = 1;
				GENERATE_INFOPLIST_FILE = YES;
				INFOPLIST_FILE = PushNavingation/Info.plist;
				INFOPLIST_KEY_UIApplicationSupportsIndirectInputEvents = YES;
				INFOPLIST_KEY_UILaunchStoryboardName = LaunchScreen;
				INFOPLIST_KEY_UIMainStoryboardFile = Main;
				INFOPLIST_KEY_UISupportedInterfaceOrientations_iPad = "UIInterfaceOrientationPortrait UIInterfaceOrientationPortraitUpsideDown UIInterfaceOrientationLandscapeLeft UIInterfaceOrientationLandscapeRight";
				INFOPLIST_KEY_UISupportedInterfaceOrientations_iPhone = "UIInterfaceOrientationPortrait UIInterfaceOrientationLandscapeLeft UIInterfaceOrientationLandscapeRight";
				LD_RUNPATH_SEARCH_PATHS = (
					"$(inherited)",
					"@executable_path/Frameworks",
				);
				MARKETING_VERSION = 1.0;
				PRODUCT_BUNDLE_IDENTIFIER = com.rblsystems.PushNavingation;
				PRODUCT_NAME = "$(TARGET_NAME)";
				SWIFT_EMIT_LOC_STRINGS = YES;
				SWIFT_VERSION = 5.0;
				TARGETED_DEVICE_FAMILY = "1,2";
			};
			name = Release;
		};
/* End XCBuildConfiguration section */

/* Begin XCConfigurationList section */
		4C07EAD229A89EB500520259 /* Build configuration list for PBXProject "PushNavingation" */ = {
			isa = XCConfigurationList;
			buildConfigurations = (
				4C07EAE929A89EBD00520259 /* Debug */,
				4C07EAEA29A89EBD00520259 /* Release */,
			);
			defaultConfigurationIsVisible = 0;
			defaultConfigurationName = Release;
		};
		4C07EAEB29A89EBD00520259 /* Build configuration list for PBXNativeTarget "PushNavingation" */ = {
			isa = XCConfigurationList;
			buildConfigurations = (
				4C07EAEC29A89EBD00520259 /* Debug */,
				4C07EAED29A89EBD00520259 /* Release */,
			);
			defaultConfigurationIsVisible = 0;
			defaultConfigurationName = Release;
		};
/* End XCConfigurationList section */
	};
	rootObject = 4C07EACF29A89EB500520259 /* Project object */;
}
